
Microsoft Visual Studio Solution File, Format Version 11.00
# Visual Studio 2010
Project("{FAE04EC0-301F-11D3-BF4B-00C04F79EFBC}") = "KeyboardMaster", "KeyboardMaster\KeyboardMaster\KeyboardMaster.csproj", "{3BB337C4-C65D-49C6-8392-0C6324188016}"
EndProject
Project("{96E2B04D-8817-42C6-938A-82C39BA4D311}") = "KeyboardMasterContent", "KeyboardMaster\KeyboardMasterContent\KeyboardMasterContent.contentproj", "{3492124C-7C5B-4663-AF57-0E3801890A8D}"
EndProject
Global
	GlobalSection(SolutionConfigurationPlatforms) = preSolution
		Debug|x86 = Debug|x86
		Release|x86 = Release|x86
	EndGlobalSection
	GlobalSection(ProjectConfigurationPlatforms) = postSolution
		{3BB337C4-C65D-49C6-8392-0C6324188016}.Debug|x86.ActiveCfg = Debug|x86
		{3BB337C4-C65D-49C6-8392-0C6324188016}.Debug|x86.Build.0 = Debug|x86
		{3BB337C4-C65D-49C6-8392-0C6324188016}.Release|x86.ActiveCfg = Release|x86
		{3BB337C4-C65D-49C6-8392-0C6324188016}.Release|x86.Build.0 = Release|x86
		{3492124C-7C5B-4663-AF57-0E3801890A8D}.Debug|x86.ActiveCfg = Debug|x86
		{3492124C-7C5B-4663-AF57-0E3801890A8D}.Release|x86.ActiveCfg = Release|x86
	EndGlobalSection
	GlobalSection(SolutionProperties) = preSolution
		HideSolutionNode = FALSE
	EndGlobalSection
EndGlobal
