
Microsoft Visual Studio Solution File, Format Version 11.00
# Visual Studio 2010 Express for Windows Phone
Project("{FAE04EC0-301F-11D3-BF4B-00C04F79EFBC}") = "PianoGame", "PianoGame\PianoGame\PianoGame.csproj", "{CBB5BF0C-A1CB-4B5E-ACD0-C33827551F92}"
EndProject
Project("{FAE04EC0-301F-11D3-BF4B-00C04F79EFBC}") = "PianoGameContent", "PianoGame\PianoGameContent\PianoGameContent.contentproj", "{ADD671E7-A221-4EF8-8D8A-C55EE43022C7}"
EndProject
Global
	GlobalSection(SolutionConfigurationPlatforms) = preSolution
		Debug|x86 = Debug|x86
		Release|x86 = Release|x86
	EndGlobalSection
	GlobalSection(ProjectConfigurationPlatforms) = postSolution
		{CBB5BF0C-A1CB-4B5E-ACD0-C33827551F92}.Debug|x86.ActiveCfg = Debug|x86
		{CBB5BF0C-A1CB-4B5E-ACD0-C33827551F92}.Debug|x86.Build.0 = Debug|x86
		{CBB5BF0C-A1CB-4B5E-ACD0-C33827551F92}.Release|x86.ActiveCfg = Release|x86
		{CBB5BF0C-A1CB-4B5E-ACD0-C33827551F92}.Release|x86.Build.0 = Release|x86
		{ADD671E7-A221-4EF8-8D8A-C55EE43022C7}.Debug|x86.ActiveCfg = Debug|x86
		{ADD671E7-A221-4EF8-8D8A-C55EE43022C7}.Release|x86.ActiveCfg = Release|x86
	EndGlobalSection
	GlobalSection(SolutionProperties) = preSolution
		HideSolutionNode = FALSE
	EndGlobalSection
EndGlobal
